
Microsoft Visual Studio Solution File, Format Version 12.00
# Visual Studio Version 17
VisualStudioVersion = 17.4.33213.308
MinimumVisualStudioVersion = 10.0.40219.1
Project("{FAE04EC0-301F-11D3-BF4B-00C04F79EFBC}") = "blazor-web.Server", "Server\blazor-web.Server.csproj", "{06977B85-F1A3-49F8-923C-071FEC6E3B81}"
EndProject
Project("{FAE04EC0-301F-11D3-BF4B-00C04F79EFBC}") = "blazor-web.Client", "Client\blazor-web.Client.csproj", "{F42700D6-DF7E-40BB-BA0F-EED6B47EB2A1}"
EndProject
Project("{FAE04EC0-301F-11D3-BF4B-00C04F79EFBC}") = "blazor-web.Shared", "Shared\blazor-web.Shared.csproj", "{ED6FFD9D-8A85-4C86-91D0-EEA83E14036D}"
EndProject
Global
	GlobalSection(SolutionConfigurationPlatforms) = preSolution
		Debug|Any CPU = Debug|Any CPU
		Release|Any CPU = Release|Any CPU
	EndGlobalSection
	GlobalSection(ProjectConfigurationPlatforms) = postSolution
		{06977B85-F1A3-49F8-923C-071FEC6E3B81}.Debug|Any CPU.ActiveCfg = Debug|Any CPU
		{06977B85-F1A3-49F8-923C-071FEC6E3B81}.Debug|Any CPU.Build.0 = Debug|Any CPU
		{06977B85-F1A3-49F8-923C-071FEC6E3B81}.Release|Any CPU.ActiveCfg = Release|Any CPU
		{06977B85-F1A3-49F8-923C-071FEC6E3B81}.Release|Any CPU.Build.0 = Release|Any CPU
		{F42700D6-DF7E-40BB-BA0F-EED6B47EB2A1}.Debug|Any CPU.ActiveCfg = Debug|Any CPU
		{F42700D6-DF7E-40BB-BA0F-EED6B47EB2A1}.Debug|Any CPU.Build.0 = Debug|Any CPU
		{F42700D6-DF7E-40BB-BA0F-EED6B47EB2A1}.Release|Any CPU.ActiveCfg = Release|Any CPU
		{F42700D6-DF7E-40BB-BA0F-EED6B47EB2A1}.Release|Any CPU.Build.0 = Release|Any CPU
		{ED6FFD9D-8A85-4C86-91D0-EEA83E14036D}.Debug|Any CPU.ActiveCfg = Debug|Any CPU
		{ED6FFD9D-8A85-4C86-91D0-EEA83E14036D}.Debug|Any CPU.Build.0 = Debug|Any CPU
		{ED6FFD9D-8A85-4C86-91D0-EEA83E14036D}.Release|Any CPU.ActiveCfg = Release|Any CPU
		{ED6FFD9D-8A85-4C86-91D0-EEA83E14036D}.Release|Any CPU.Build.0 = Release|Any CPU
	EndGlobalSection
	GlobalSection(SolutionProperties) = preSolution
		HideSolutionNode = FALSE
	EndGlobalSection
	GlobalSection(ExtensibilityGlobals) = postSolution
		SolutionGuid = {CD63FA89-A26B-4AAB-99C4-3F7E405C516E}
	EndGlobalSection
EndGlobal
